
Microsoft Visual Studio Solution File, Format Version 12.00
# Visual Studio Version 17
VisualStudioVersion = 17.9.34902.65
MinimumVisualStudioVersion = 10.0.40219.1
Project("{9A19103F-16F7-4668-BE54-9A1E7A4F7556}") = "CleanArchMvc.WebUI", "CleanArchMvc.WebUI.csproj", "{271C8D09-E3DE-4467-AB23-7E0D85E0B88D}"
EndProject
Project("{9A19103F-16F7-4668-BE54-9A1E7A4F7556}") = "CleanArchMvc.Application", "..\CleanArchMvc.Application\CleanArchMvc.Application.csproj", "{C5F0ECBA-8921-4565-B5C3-A768CDAC87C9}"
EndProject
Project("{9A19103F-16F7-4668-BE54-9A1E7A4F7556}") = "CleanArchMvc.Domain", "..\CleanArchMvc.Domain\CleanArchMvc.Domain.csproj", "{F594AE63-B83C-4C67-ACBF-BC627068F01C}"
EndProject
Project("{9A19103F-16F7-4668-BE54-9A1E7A4F7556}") = "CleanArchMvc.Infra.IoC", "..\CleanArchMvc.IoC\CleanArchMvc.Infra.IoC.csproj", "{36108FD9-2333-4CFE-A219-3A282B3FEC93}"
EndProject
Project("{9A19103F-16F7-4668-BE54-9A1E7A4F7556}") = "CleanArchMvc.Infra.Data", "..\CleanArchMvc.Infra.Data\CleanArchMvc.Infra.Data.csproj", "{10204C00-B8DD-4FFC-A7E3-B7784EBC33AF}"
EndProject
Project("{9A19103F-16F7-4668-BE54-9A1E7A4F7556}") = "CleanArchMvc.Domain.Tests", "..\CleanArchMvc.Domain.Tests\CleanArchMvc.Domain.Tests.csproj", "{9D3A2198-1D0E-45DE-A288-6EFF3D17D519}"
EndProject
Project("{FAE04EC0-301F-11D3-BF4B-00C04F79EFBC}") = "CleanArchMvc.API", "..\CleanArchMvc.API\CleanArchMvc.API.csproj", "{C7E3BE02-B1CC-4F37-AFDD-FC460755A237}"
EndProject
Global
	GlobalSection(SolutionConfigurationPlatforms) = preSolution
		Debug|Any CPU = Debug|Any CPU
		Release|Any CPU = Release|Any CPU
	EndGlobalSection
	GlobalSection(ProjectConfigurationPlatforms) = postSolution
		{271C8D09-E3DE-4467-AB23-7E0D85E0B88D}.Debug|Any CPU.ActiveCfg = Debug|Any CPU
		{271C8D09-E3DE-4467-AB23-7E0D85E0B88D}.Debug|Any CPU.Build.0 = Debug|Any CPU
		{271C8D09-E3DE-4467-AB23-7E0D85E0B88D}.Release|Any CPU.ActiveCfg = Release|Any CPU
		{271C8D09-E3DE-4467-AB23-7E0D85E0B88D}.Release|Any CPU.Build.0 = Release|Any CPU
		{C5F0ECBA-8921-4565-B5C3-A768CDAC87C9}.Debug|Any CPU.ActiveCfg = Debug|Any CPU
		{C5F0ECBA-8921-4565-B5C3-A768CDAC87C9}.Debug|Any CPU.Build.0 = Debug|Any CPU
		{C5F0ECBA-8921-4565-B5C3-A768CDAC87C9}.Release|Any CPU.ActiveCfg = Release|Any CPU
		{C5F0ECBA-8921-4565-B5C3-A768CDAC87C9}.Release|Any CPU.Build.0 = Release|Any CPU
		{F594AE63-B83C-4C67-ACBF-BC627068F01C}.Debug|Any CPU.ActiveCfg = Debug|Any CPU
		{F594AE63-B83C-4C67-ACBF-BC627068F01C}.Debug|Any CPU.Build.0 = Debug|Any CPU
		{F594AE63-B83C-4C67-ACBF-BC627068F01C}.Release|Any CPU.ActiveCfg = Release|Any CPU
		{F594AE63-B83C-4C67-ACBF-BC627068F01C}.Release|Any CPU.Build.0 = Release|Any CPU
		{36108FD9-2333-4CFE-A219-3A282B3FEC93}.Debug|Any CPU.ActiveCfg = Debug|Any CPU
		{36108FD9-2333-4CFE-A219-3A282B3FEC93}.Debug|Any CPU.Build.0 = Debug|Any CPU
		{36108FD9-2333-4CFE-A219-3A282B3FEC93}.Release|Any CPU.ActiveCfg = Release|Any CPU
		{36108FD9-2333-4CFE-A219-3A282B3FEC93}.Release|Any CPU.Build.0 = Release|Any CPU
		{10204C00-B8DD-4FFC-A7E3-B7784EBC33AF}.Debug|Any CPU.ActiveCfg = Debug|Any CPU
		{10204C00-B8DD-4FFC-A7E3-B7784EBC33AF}.Debug|Any CPU.Build.0 = Debug|Any CPU
		{10204C00-B8DD-4FFC-A7E3-B7784EBC33AF}.Release|Any CPU.ActiveCfg = Release|Any CPU
		{10204C00-B8DD-4FFC-A7E3-B7784EBC33AF}.Release|Any CPU.Build.0 = Release|Any CPU
		{9D3A2198-1D0E-45DE-A288-6EFF3D17D519}.Debug|Any CPU.ActiveCfg = Debug|Any CPU
		{9D3A2198-1D0E-45DE-A288-6EFF3D17D519}.Debug|Any CPU.Build.0 = Debug|Any CPU
		{9D3A2198-1D0E-45DE-A288-6EFF3D17D519}.Release|Any CPU.ActiveCfg = Release|Any CPU
		{9D3A2198-1D0E-45DE-A288-6EFF3D17D519}.Release|Any CPU.Build.0 = Release|Any CPU
		{C7E3BE02-B1CC-4F37-AFDD-FC460755A237}.Debug|Any CPU.ActiveCfg = Debug|Any CPU
		{C7E3BE02-B1CC-4F37-AFDD-FC460755A237}.Debug|Any CPU.Build.0 = Debug|Any CPU
		{C7E3BE02-B1CC-4F37-AFDD-FC460755A237}.Release|Any CPU.ActiveCfg = Release|Any CPU
		{C7E3BE02-B1CC-4F37-AFDD-FC460755A237}.Release|Any CPU.Build.0 = Release|Any CPU
	EndGlobalSection
	GlobalSection(SolutionProperties) = preSolution
		HideSolutionNode = FALSE
	EndGlobalSection
	GlobalSection(ExtensibilityGlobals) = postSolution
		SolutionGuid = {DCFE89D6-7B96-4C19-857F-E823689859DD}
	EndGlobalSection
EndGlobal
